
Microsoft Visual Studio Solution File, Format Version 12.00
# Visual Studio Version 17
VisualStudioVersion = 17.4.33205.214
MinimumVisualStudioVersion = 10.0.40219.1
Project("{2150E333-8FDC-42A3-9474-1A3956D46DE8}") = "Odev1", "Odev1", "{BEE96A5B-D339-4846-8ED2-BABD221C60B6}"
EndProject
Project("{9A19103F-16F7-4668-BE54-9A1E7A4F7556}") = "ForLoop", "Odev1\ForLoop\ForLoop.csproj", "{0D9DD6FB-2DE5-4654-B6A9-95128C37360B}"
EndProject
Project("{9A19103F-16F7-4668-BE54-9A1E7A4F7556}") = "WhileLoop", "Odev1\WhileLoop\WhileLoop.csproj", "{39C3F34F-92B2-44FE-BCE1-F759CA36559E}"
EndProject
Project("{9A19103F-16F7-4668-BE54-9A1E7A4F7556}") = "DoWhileLoop", "Odev1\DoWhileLoop\DoWhileLoop.csproj", "{4AE0C293-170B-451E-8592-82713761BF3D}"
EndProject
Project("{2150E333-8FDC-42A3-9474-1A3956D46DE8}") = "Examples", "Examples", "{2CC18754-F256-4141-8331-F14DF0FA8547}"
EndProject
Project("{9A19103F-16F7-4668-BE54-9A1E7A4F7556}") = "Substring", "Examples\Substring\Substring.csproj", "{669F6C76-AA39-4AB5-902A-268EB7C2BB64}"
EndProject
Project("{2150E333-8FDC-42A3-9474-1A3956D46DE8}") = "Odev2.Password", "Odev2.Password", "{836C57A7-F471-443D-8C08-64A0EFA53564}"
EndProject
Project("{FAE04EC0-301F-11D3-BF4B-00C04F79EFBC}") = "Password", "Odev2.Password\Password\Password.csproj", "{88A9D861-2199-412F-8470-75C80F721A9D}"
EndProject
Global
	GlobalSection(SolutionConfigurationPlatforms) = preSolution
		Debug|Any CPU = Debug|Any CPU
		Release|Any CPU = Release|Any CPU
	EndGlobalSection
	GlobalSection(ProjectConfigurationPlatforms) = postSolution
		{0D9DD6FB-2DE5-4654-B6A9-95128C37360B}.Debug|Any CPU.ActiveCfg = Debug|Any CPU
		{0D9DD6FB-2DE5-4654-B6A9-95128C37360B}.Debug|Any CPU.Build.0 = Debug|Any CPU
		{0D9DD6FB-2DE5-4654-B6A9-95128C37360B}.Release|Any CPU.ActiveCfg = Release|Any CPU
		{0D9DD6FB-2DE5-4654-B6A9-95128C37360B}.Release|Any CPU.Build.0 = Release|Any CPU
		{39C3F34F-92B2-44FE-BCE1-F759CA36559E}.Debug|Any CPU.ActiveCfg = Debug|Any CPU
		{39C3F34F-92B2-44FE-BCE1-F759CA36559E}.Debug|Any CPU.Build.0 = Debug|Any CPU
		{39C3F34F-92B2-44FE-BCE1-F759CA36559E}.Release|Any CPU.ActiveCfg = Release|Any CPU
		{39C3F34F-92B2-44FE-BCE1-F759CA36559E}.Release|Any CPU.Build.0 = Release|Any CPU
		{4AE0C293-170B-451E-8592-82713761BF3D}.Debug|Any CPU.ActiveCfg = Debug|Any CPU
		{4AE0C293-170B-451E-8592-82713761BF3D}.Debug|Any CPU.Build.0 = Debug|Any CPU
		{4AE0C293-170B-451E-8592-82713761BF3D}.Release|Any CPU.ActiveCfg = Release|Any CPU
		{4AE0C293-170B-451E-8592-82713761BF3D}.Release|Any CPU.Build.0 = Release|Any CPU
		{669F6C76-AA39-4AB5-902A-268EB7C2BB64}.Debug|Any CPU.ActiveCfg = Debug|Any CPU
		{669F6C76-AA39-4AB5-902A-268EB7C2BB64}.Debug|Any CPU.Build.0 = Debug|Any CPU
		{669F6C76-AA39-4AB5-902A-268EB7C2BB64}.Release|Any CPU.ActiveCfg = Release|Any CPU
		{669F6C76-AA39-4AB5-902A-268EB7C2BB64}.Release|Any CPU.Build.0 = Release|Any CPU
		{88A9D861-2199-412F-8470-75C80F721A9D}.Debug|Any CPU.ActiveCfg = Debug|Any CPU
		{88A9D861-2199-412F-8470-75C80F721A9D}.Debug|Any CPU.Build.0 = Debug|Any CPU
		{88A9D861-2199-412F-8470-75C80F721A9D}.Release|Any CPU.ActiveCfg = Release|Any CPU
		{88A9D861-2199-412F-8470-75C80F721A9D}.Release|Any CPU.Build.0 = Release|Any CPU
	EndGlobalSection
	GlobalSection(SolutionProperties) = preSolution
		HideSolutionNode = FALSE
	EndGlobalSection
	GlobalSection(NestedProjects) = preSolution
		{0D9DD6FB-2DE5-4654-B6A9-95128C37360B} = {BEE96A5B-D339-4846-8ED2-BABD221C60B6}
		{39C3F34F-92B2-44FE-BCE1-F759CA36559E} = {BEE96A5B-D339-4846-8ED2-BABD221C60B6}
		{4AE0C293-170B-451E-8592-82713761BF3D} = {BEE96A5B-D339-4846-8ED2-BABD221C60B6}
		{669F6C76-AA39-4AB5-902A-268EB7C2BB64} = {2CC18754-F256-4141-8331-F14DF0FA8547}
		{88A9D861-2199-412F-8470-75C80F721A9D} = {836C57A7-F471-443D-8C08-64A0EFA53564}
	EndGlobalSection
	GlobalSection(ExtensibilityGlobals) = postSolution
		SolutionGuid = {4E9D607E-135A-461D-88C2-417DD2E3951A}
	EndGlobalSection
EndGlobal
